github.com/benbjohnson/clock v1.3.0 h1:ip6w0uFQkncKQ979AypyG0ER7mqUSBdKLOgAle/AT8A=
github.com/cenkalti/backoff/v4 v4.1.3 h1:cFAlzYUlVYDysBEH2T5hyJZMh3+5+WCBvSnK6Q8UtC4=
github.com/cenkalti/backoff/v4 v4.1.3/go.mod h1:scbssz8iZGpm3xbr14ovlUdkxfGXNInqkPWOWmG2CLw=
github.com/creack/pty v1.1.9/go.mod h1:oKZEueFk5CKHvIhNR5MUki03XCEU+Q6VDXinZuGJ33E=
github.com/davecgh/go-spew v1.1.0/go.mod h1:J7Y8YcW2NihsgmVo/mv3lAwl/skON4iLHjSsI+c5H38=
github.com/davecgh/go-spew v1.1.1 h1:vj9j/u1bqnvCEfJOwUhtlOARqs3+rkHYY13jYWTU97c=
github.com/davecgh/go-spew v1.1.1/go.mod h1:J7Y8YcW2NihsgmVo/mv3lAwl/skON4iLHjSsI+c5H38=
github.com/dgryski/go-farm v0.0.0-20200201041132-a6ae2369ad13 h1:fAjc9m62+UWV/WAFKLNi6ZS0675eEUC9y3AlwSbQu1Y=
github.com/dgryski/go-farm v0.0.0-20200201041132-a6ae2369ad13/go.mod h1:SqUrOPUnsFjfmXRMNPybcSiG0BgUW2AuFH8PAnS2iTw=
github.com/go-logr/logr v1.2.2/go.mod h1:jdQByPbusPIv2/zmleS9BjJVeZ6kBagPoEUsqbVz/1A=
github.com/go-logr/logr v1.2.3 h1:2DntVwHkVopvECVRSlL5PSo9eG+cAkDCuckLubN+rq0=
github.com/go-logr/logr v1.2.3/go.mod h1:jdQByPbusPIv2/zmleS9BjJVeZ6kBagPoEUsqbVz/1A=
github.com/go-logr/stdr v1.2.2 h1:hSWxHoqTgW2S2qGc0LTAI563KZ5YKYRhT3MFKZMbjag=
github.com/go-logr/stdr v1.2.2/go.mod h1:mMo/vtBO5dYbehREoey6XUKy/eSumjCCveDpRre4VKE=
github.com/go-ole/go-ole v1.2.6 h1:/Fpf6oFPoeFik9ty7siob0G6Ke8QvQEuVcuChpwXzpY=
github.com/go-ole/go-ole v1.2.6/go.mod h1:pprOEPIfldk/42T2oK7lQ4v4JSDwmV0As9GaiUsvbm0=
github.com/golang/mock v1.6.0 h1:ErTB+efbowRARo13NNdxyJji2egdxLGQhRaY+DUumQc=
github.com/google/go-cmp v0.5.6/go.mod h1:v8dTdLbMG2kIc/vJvl+f65V22dbkXbowE6jgT/gNBxE=
github.com/google/go-cmp v0.5.9/go.mod h1:17dUlkBOakJ0+DkrSSNjCkIjxS6bF9zb3elmeNGIjoY=
github.com/google/go-cmp v0.6.0 h1:ofyhxvXcZhMsU5ulbFiLKl/XBFqE1GSq7atu8tAmTRI=
github.com/grpc-ecosystem/grpc-gateway/v2 v2.19.1 h1:/c3QmbOGMGTOumP2iT/rCwB7b0QDGLKzqOmktBjT+Is=
github.com/grpc-ecosystem/grpc-gateway/v2 v2.19.1/go.mod h1:5SN9VR2LTsRFsrEC6FHgRbTWrTHu6tqPeKxEQv15giM=
github.com/kr/pretty v0.3.1 h1:flRD4NNwYAUpkphVc1HcthR4KEIFJ65n8Mw5qdRn3LE=
github.com/kr/text v0.2.0 h1:5Nx0Ya0ZqY2ygV366QzturHI13Jq95ApcVaJBhpS+AY=
github.com/kr/text v0.2.0/go.mod h1:eLer722TekiGuMkidMxC/pM04lWEeraHUUmBw8l2grE=
github.com/lightstep/go-expohisto v1.0.0 h1:UPtTS1rGdtehbbAF7o/dhkWLTDI73UifG8LbfQI7cA4=
github.com/lightstep/go-expohisto v1.0.0/go.mod h1:xDXD0++Mu2FOaItXtdDfksfgxfV0z1TMPa+e/EUd0cs=
github.com/lufia/plan9stats v0.0.0-20211012122336-39d0f177ccd0 h1:6E+4a0GO5zZEnZ81pIr0yLvtUWk2if982qA3F3QD6H4=
github.com/lufia/plan9stats v0.0.0-20211012122336-39d0f177ccd0/go.mod h1:zJYVVT2jmtg6P3p1VtQj7WsuWi/y4VnjVBn7F8KPB3I=
github.com/pmezard/go-difflib v1.0.0 h1:4DBwDE0NGyQoBHbLQYPwSUPoCMWR5BEzIk/f1lZbAQM=
github.com/pmezard/go-difflib v1.0.0/go.mod h1:iKH77koFhYxTK1pcRnkKkqfTogsbg7gZNVY4sRDYZ/4=
github.com/power-devops/perfstat v0.0.0-20210106213030-5aafc221ea8c h1:ncq/mPwQF4JjgDlrVEn3C11VoGHZN7m8qihwgMEtzYw=
github.com/power-devops/perfstat v0.0.0-20210106213030-5aafc221ea8c/go.mod h1:OmDBASR4679mdNQnz2pUhc2G8CO2JrUAVFDRBDP/hJE=
github.com/rogpeppe/go-internal v1.12.0 h1:exVL4IDcn6na9z1rAb56Vxr+CgyK3nn3O+epU5NdKM8=
github.com/rogpeppe/go-internal v1.12.0/go.mod h1:E+RYuTGaKKdloAfM02xzb0FW3Paa99yedzYV+kq4uf4=
github.com/shirou/gopsutil/v3 v3.22.9 h1:yibtJhIVEMcdw+tCTbOPiF1VcsuDeTE4utJ8Dm4c5eA=
github.com/shirou/gopsutil/v3 v3.22.9/go.mod h1:bBYl1kjgEJpWpxeHmLI+dVHWtyAwfcmSBLDsp2TNT8A=
github.com/stretchr/objx v0.1.0/go.mod h1:HFkY916IF+rwdDfMAkV7OtwuqBVzrE8GR6GFx+wExME=
github.com/stretchr/objx v0.4.0/go.mod h1:YvHI0jy2hoMjB+UWwv71VJQ9isScKT/TqJzVSSt89Yw=
github.com/stretchr/testify v1.3.0/go.mod h1:M5WIy9Dh21IEIfnGCwXGc5bZfKNJtfHm1UVUgZn+9EI=
github.com/stretchr/testify v1.7.0/go.mod h1:6Fq8oRcR53rry900zMqJjRRixrwX3KX962/h/Wwjteg=
github.com/stretchr/testify v1.7.1/go.mod h1:6Fq8oRcR53rry900zMqJjRRixrwX3KX962/h/Wwjteg=
github.com/stretchr/testify v1.8.0 h1:pSgiaMZlXftHpm5L7V1+rVB+AZJydKsMxsQBIJw4PKk=
github.com/stretchr/testify v1.8.0/go.mod h1:yNjHg4UonilssWZ8iaSj1OCr/vHnekPRkoO+kdMU+MU=
github.com/tklauser/go-sysconf v0.3.10 h1:IJ1AZGZRWbY8T5Vfk04D9WOA5WSejdflXxP03OUqALw=
github.com/tklauser/go-sysconf v0.3.10/go.mod h1:C8XykCvCb+Gn0oNCWPIlcb0RuglQTYaQ2hGm7jmxEFk=
github.com/tklauser/numcpus v0.4.0 h1:E53Dm1HjH1/R2/aoCtXtPgzmElmn51aOkhCFSuZq//o=
github.com/tklauser/numcpus v0.4.0/go.mod h1:1+UI3pD8NW14VMwdgJNJ1ESk2UnwhAnz5hMwiKKqXCQ=
github.com/yusufpapurcu/wmi v1.2.2 h1:KBNDSne4vP5mbSWnJbO+51IMOXJB67QiYCSBrubbPRg=
github.com/yusufpapurcu/wmi v1.2.2/go.mod h1:SBZ9tNy3G9/m5Oi98Zks0QjeHVDvuK0qfxQmPyzfmi0=
go.opentelemetry.io/contrib/instrumentation/host v0.36.4 h1:2D0q/69KewnkCkOI9I9uXgi1XQXvwQIfMebMcPft0no=
go.opentelemetry.io/contrib/instrumentation/host v0.36.4/go.mod h1:IQdse+GFHec/g2M4wtj6cE4uA5PJGQjjXP/602LjHBQ=
go.opentelemetry.io/contrib/instrumentation/runtime v0.36.4 h1:7AY5NdRzyU5s1ek3E4VK3FBnPtQ6La1i7sIn9hNgjsk=
go.opentelemetry.io/contrib/instrumentation/runtime v0.36.4/go.mod h1:yFSLOnffweT7Es+IzY1DF5KP0xa2Wl15SJfKqAyDXq8=
go.opentelemetry.io/contrib/propagators/b3 v1.11.1 h1:icQ6ttRV+r/2fnU46BIo/g/mPu6Rs5Ug8Rtohe3KqzI=
go.opentelemetry.io/contrib/propagators/b3 v1.11.1/go.mod h1:ECIveyMXgnl4gorxFcA7RYjJY/Ql9n20ubhbfDc3QfA=
go.opentelemetry.io/contrib/propagators/ot v1.11.1 h1:iezQwYW2sAaXwbXXA6Zg+PLjNnzc+M4hLKvOR6Q/CvI=
go.opentelemetry.io/contrib/propagators/ot v1.11.1/go.mod h1:oBced35DewKV7xvvIWC/oCaCFvthvTa6zjyvP2JhPAY=
go.opentelemetry.io/otel v1.11.1 h1:4WLLAmcfkmDk2ukNXJyq3/kiz/3UzCaYq6PskJsaou4=
go.opentelemetry.io/otel v1.11.1/go.mod h1:1nNhXBbWSD0nsL38H6btgnFN2k4i0sNLHNNMZMSbUGE=
go.opentelemetry.io/otel/exporters/otlp/internal/retry v1.11.1 h1:X2GndnMCsUPh6CiY2a+frAbNsXaPLbB0soHRYhAZ5Ig=
go.opentelemetry.io/otel/exporters/otlp/internal/retry v1.11.1/go.mod h1:i8vjiSzbiUC7wOQplijSXMYUpNM93DtlS5CbUT+C6oQ=
go.opentelemetry.io/otel/exporters/otlp/otlpmetric v0.31.0 h1:H0+xwv4shKw0gfj/ZqR13qO2N/dBQogB1OcRjJjV39Y=
go.opentelemetry.io/otel/exporters/otlp/otlpmetric v0.31.0/go.mod h1:nkenGD8vcvs0uN6WhR90ZVHQlgDsRmXicnNadMnk+XQ=
go.opentelemetry.io/otel/exporters/otlp/otlpmetric/otlpmetricgrpc v0.31.0 h1:BaQ2xM5cPmldVCMvbLoy5tcLUhXCtIhItDYBNw83B7Y=
go.opentelemetry.io/otel/exporters/otlp/otlpmetric/otlpmetricgrpc v0.31.0/go.mod h1:VRr8tlXQEsTdesDCh0qBe2iKDWhpi3ZqDYw6VlZ8MhI=
go.opentelemetry.io/otel/exporters/otlp/otlptrace v1.11.1 h1:MEQNafcNCB0uQIti/oHgU7CZpUMYQ7qigBwMVKycHvc=
go.opentelemetry.io/otel/exporters/otlp/otlptrace v1.11.1/go.mod h1:19O5I2U5iys38SsmT2uDJja/300woyzE1KPIQxEUBUc=
go.opentelemetry.io/otel/exporters/otlp/otlptrace/otlptracegrpc v1.11.1 h1:LYyG/f1W/jzAix16jbksJfMQFpOH/Ma6T639pVPMgfI=
go.opentelemetry.io/otel/exporters/otlp/otlptrace/otlptracegrpc v1.11.1/go.mod h1:QrRRQiY3kzAoYPNLP0W/Ikg0gR6V3LMc+ODSxr7yyvg=
go.opentelemetry.io/otel/metric v0.33.0 h1:xQAyl7uGEYvrLAiV/09iTJlp1pZnQ9Wl793qbVvED1E=
go.opentelemetry.io/otel/metric v0.33.0/go.mod h1:QlTYc+EnYNq/M2mNk1qDDMRLpqCOj2f/r5c7Fd5FYaI=
go.opentelemetry.io/otel/sdk v1.11.1 h1:F7KmQgoHljhUuJyA+9BiU+EkJfyX5nVVF4wyzWZpKxs=
go.opentelemetry.io/otel/sdk v1.11.1/go.mod h1:/l3FE4SupHJ12TduVjUkZtlfFqDCQJlOlithYrdktys=
go.opentelemetry.io/otel/sdk/metric v0.31.0 h1:2sZx4R43ZMhJdteKAlKoHvRgrMp53V1aRxvEf5lCq8Q=
go.opentelemetry.io/otel/sdk/metric v0.31.0/go.mod h1:fl0SmNnX9mN9xgU6OLYLMBMrNAsaZQi7qBwprwO3abk=
go.opentelemetry.io/otel/trace v1.11.1 h1:ofxdnzsNrGBYXbP7t7zpUK281+go5rF7dvdIZXF8gdQ=
go.opentelemetry.io/otel/trace v1.11.1/go.mod h1:f/Q9G7vzk5u91PhbmKbg1Qn0rzH1LJ4vbPHFGkTPtOk=
go.opentelemetry.io/proto/otlp v1.2.0 h1:pVeZGk7nXDC9O2hncA6nHldxEjm6LByfA2aN8IOkz94=
go.opentelemetry.io/proto/otlp v1.2.0/go.mod h1:gGpR8txAl5M03pDhMC79G6SdqNV26naRm/KDsgaHD8A=
go.uber.org/atomic v1.7.0 h1:ADUqmZGgLDDfbSL9ZmPxKTybcoEYHgpYfELNoN+7hsw=
go.uber.org/atomic v1.7.0/go.mod h1:fEN4uk6kAWBTFdckzkM89CLk9XfWZrxpCo0nPH17wJc=
go.uber.org/goleak v1.2.0 h1:xqgm/S+aQvhWFTtR0XK3Jvg7z8kGV8P4X14IzwN3Eqk=
go.uber.org/multierr v1.8.0 h1:dg6GjLku4EH+249NNmoIciG9N/jURbDG+pFlTkhzIC8=
go.uber.org/multierr v1.8.0/go.mod h1:7EAYxJLBy9rStEaz58O2t4Uvip6FSURkq8/ppBp95ak=
golang.org/x/net v0.21.0 h1:AQyQV4dYCvJ7vGmJyKki9+PBdyvhkSd8EIx/qb0AYv4=
golang.org/x/net v0.21.0/go.mod h1:bIjVDfnllIU7BJ2DNgfnXvpSvtn8VRwhlsaeUTyUS44=
golang.org/x/sync v0.6.0 h1:5BMeUDZ7vkXGfEr1x9B4bRcTH4lpkTkpdh0T/J+qjbQ=
golang.org/x/sys v0.0.0-20190916202348-b4ddaad3f8a3/go.mod h1:h1NjWce9XRLGQEsW7wpKNCjG9DtNlClVuFLEZdDNbEs=
golang.org/x/sys v0.0.0-20201204225414-ed752295db88/go.mod h1:h1NjWce9XRLGQEsW7wpKNCjG9DtNlClVuFLEZdDNbEs=
golang.org/x/sys v0.0.0-20220128215802-99c3d69c2c27/go.mod h1:oPkhp1MJrh7nUepCBck5+mAzfO9JrbApNNgaTdGDITg=
golang.org/x/sys v0.0.0-20220520151302-bc2c85ada10a/go.mod h1:oPkhp1MJrh7nUepCBck5+mAzfO9JrbApNNgaTdGDITg=
golang.org/x/sys v0.17.0 h1:25cE3gD+tdBA7lp7QfhuV+rJiE9YXTcS3VG1SqssI/Y=
golang.org/x/sys v0.17.0/go.mod h1:/VUhepiaJMQUp4+oa/7Zr1D23ma6VTLIYjOOTFZPUcA=
golang.org/x/text v0.14.0 h1:ScX5w1eTa3QqT8oi6+ziP7dTV1S2+ALU0bI+0zXKWiQ=
golang.org/x/text v0.14.0/go.mod h1:18ZOQIKpY8NJVqYksKHtTdi31H5itFRjB5/qKTNYzSU=
golang.org/x/xerrors v0.0.0-20191204190536-9bdfabe68543/go.mod h1:I/5z698sn9Ka8TeJc9MKroUUfqBBauWjQqLJ2OPfmY0=
google.golang.org/genproto v0.0.0-20240227224415-6ceb2ff114de h1:F6qOa9AZTYJXOUEr4jDysRDLrm4PHePlge4v4TGAlxY=
google.golang.org/genproto/googleapis/api v0.0.0-20240227224415-6ceb2ff114de h1:jFNzHPIeuzhdRwVhbZdiym9q0ory/xY3sA+v2wPg8I0=
google.golang.org/genproto/googleapis/api v0.0.0-20240227224415-6ceb2ff114de/go.mod h1:5iCWqnniDlqZHrd3neWVTOwvh/v6s3232omMecelax8=
google.golang.org/genproto/googleapis/rpc v0.0.0-20240227224415-6ceb2ff114de h1:cZGRis4/ot9uVm639a+rHCUaG0JJHEsdyzSQTMX+suY=
google.golang.org/genproto/googleapis/rpc v0.0.0-20240227224415-6ceb2ff114de/go.mod h1:H4O17MA/PE9BsGx3w+a+W2VOLLD1Qf7oJneAoU6WktY=
google.golang.org/grpc v1.63.0 h1:WjKe+dnvABXyPJMD7KDNLxtoGk5tgk+YFWN6cBWjZE8=
google.golang.org/grpc v1.63.0/go.mod h1:WAX/8DgncnokcFUldAxq7GeB5DXHDbMF+lLvDomNkRA=
google.golang.org/protobuf v1.33.0 h1:uNO2rsAINq/JlFpSdYEKIZ0uKD/R9cpdv0T+yoGwGmI=
google.golang.org/protobuf v1.33.0/go.mod h1:c6P6GXX6sHbq/GpV6MGZEdwhWPcYBgnhAHhKbcUYpos=
gopkg.in/check.v1 v0.0.0-20161208181325-20d25e280405/go.mod h1:Co6ibVJAznAaIkqp8huTwlJQCZ016jof/cbN4VW5Yz0=
gopkg.in/check.v1 v1.0.0-20201130134442-10cb98267c6c h1:Hei/4ADfdWqJk1ZMxUNpqntNwaWcugrBjAiHlqqRiVk=
gopkg.in/yaml.v3 v3.0.0-20200313102051-9f266ea9e77c/go.mod h1:K4uyk7z7BCEPqu6E+C64Yfv1cQ7kz7rIZviUmN+EgEM=
gopkg.in/yaml.v3 v3.0.0-20210107192922-496545a6307b/go.mod h1:K4uyk7z7BCEPqu6E+C64Yfv1cQ7kz7rIZviUmN+EgEM=
gopkg.in/yaml.v3 v3.0.1 h1:fxVm/GzAzEWqLHuvctI91KS9hhNmmWOoWu0XTYJS7CA=
gopkg.in/yaml.v3 v3.0.1/go.mod h1:K4uyk7z7BCEPqu6E+C64Yfv1cQ7kz7rIZviUmN+EgEM=
